
Microsoft Visual Studio Solution File, Format Version 12.00
# Visual Studio Version 16
VisualStudioVersion = 16.0.30320.27
MinimumVisualStudioVersion = 10.0.40219.1
Project("{FAE04EC0-301F-11D3-BF4B-00C04F79EFBC}") = "Assign2", "Assign2.csproj", "{E254F52C-746F-45FC-96C3-042004D8E325}"
EndProject
Global
	GlobalSection(SolutionConfigurationPlatforms) = preSolution
		Debug|Any CPU = Debug|Any CPU
		Release|Any CPU = Release|Any CPU
	EndGlobalSection
	GlobalSection(ProjectConfigurationPlatforms) = postSolution
		{E254F52C-746F-45FC-96C3-042004D8E325}.Debug|Any CPU.ActiveCfg = Debug|Any CPU
		{E254F52C-746F-45FC-96C3-042004D8E325}.Debug|Any CPU.Build.0 = Debug|Any CPU
		{E254F52C-746F-45FC-96C3-042004D8E325}.Release|Any CPU.ActiveCfg = Release|Any CPU
		{E254F52C-746F-45FC-96C3-042004D8E325}.Release|Any CPU.Build.0 = Release|Any CPU
	EndGlobalSection
	GlobalSection(SolutionProperties) = preSolution
		HideSolutionNode = FALSE
	EndGlobalSection
	GlobalSection(ExtensibilityGlobals) = postSolution
		SolutionGuid = {96504B93-FBE8-49F4-93E4-804EC5ECEA19}
	EndGlobalSection
EndGlobal
